github.com/RoaringBitmap/roaring/v2 v2.29.0 h1:jSjxqZEqiF9W5dHUFsemupb9bnLaQJwZVe5yMetbsZg=
github.com/RoaringBitmap/roaring/v2 v2.29.0/go.mod h1:BZufmFbox589n3j5eOmyTaLSGXbRLc2LmQvjKjzSEGU=
github.com/alexsergivan/transliterator v1.0.1 h1:vON2ilWCHjq+S5Y4obhLGhHK4Y1VIhsHEtQlij5d9pI=
github.com/alexsergivan/transliterator v1.0.1/go.mod h1:0IrumukulURJ4PD0z6UcdJKP2job1DYDhnHAP5y+5pE=
github.com/bits-and-blooms/bitset v1.24.6 h1:qcrftZUVBIwfs+m+nhoCBAPT+ZPZZjti8SbHbDQQkZ4=
github.com/bits-and-blooms/bitset v1.24.6/go.mod h1:7hO7Gc7Pp1vODcmWvKMRA9BNmbv6a/7QIWpPxHddWR8=
github.com/crediterra/money v0.4.2 h1:jywtH44L+BwPV3Yy+VxAmvk18eayaUXfVxvz1dnk5wQ=
github.com/crediterra/money v0.4.2/go.mod h1:v1LjiUrGIVmK0L070iz4ghVDhqVGiyd9vNX0XJOLGak=
github.com/dal-go/dalgo v0.88.1 h1:azFHQn7IV4UTtAI7JDtDmCKsxMaCmdCD9D2XrEgCAW0=
github.com/dal-go/dalgo v0.88.1/go.mod h1:Pvqn4YCOqLxKeim0M/0wzGDwtuaZKi18TRdaZ3PCS3c=
github.com/dal-go/dalgo v0.93.5 h1:ZF/qRWS7GDjtcRrWjPySdsgBw8xymRWdVjUKXuRHogo=
github.com/dal-go/dalgo v0.93.5/go.mod h1:dLokQz8gPrLXAno3u/cv6w4zlDPxkEom35PyaLhBYqE=
github.com/dal-go/record v0.1.4 h1:21IJNlUASNw9TytcB5V5a2jHQKa1pycr//dGvj8zNH8=
github.com/dal-go/record v0.1.4/go.mod h1:PuoOCH74/Vf+pIVWSdrMg7OdUmlSlPgj68yJ+gM42To=
github.com/davecgh/go-spew v1.1.0/go.mod h1:J7Y8YcW2NihsgmVo/mv3lAwl/skON4iLHjSsI+c5H38=
github.com/mschoch/smat v0.2.0 h1:8imxQsjDm8yFEAVBe7azKmKSgzSkZXDuKkSq9374khM=
github.com/mschoch/smat v0.2.0/go.mod h1:kc9mz7DoBKqDyiRL7VZN8KvXQMWeTaVnttLRXOlotKw=
github.com/pmezard/go-difflib v1.0.0/go.mod h1:iKH77koFhYxTK1pcRnkKkqfTogsbg7gZNVY4sRDYZ/4=
github.com/stretchr/objx v0.1.0/go.mod h1:HFkY916IF+rwdDfMAkV7OtwuqBVzrE8GR6GFx+wExME=
github.com/stretchr/testify v1.5.1/go.mod h1:5W2xD1RspED5o8YsWQXVCued0rvSQ+mT+I5cxcmMvtA=
github.com/stretchr/testify v1.12.1 h1:EuwCh5fleGS7H32xRwO3wRGT7DxrDhLAT6FF8MpWDWE=
github.com/stretchr/testify v1.12.1/go.mod h1:MDEgiDPPsNp5cuIrHPPCyornHKgEVbtFUmoNlxoYthg=
github.com/strongo/analytics v0.2.10 h1:VX7QkQvPX+sI3x+5wPTbH3wotlizZopqmVK95KqxFtM=
github.com/strongo/analytics v0.2.10/go.mod h1:o9czh6b7MoBhoQe7DSd5Mr1t8Ndfjc7NSZDMtkXFedw=
github.com/strongo/decimal v0.1.2 h1:/LHdX9zJTUPpEM2cuQhnwCWNWLCUwG0BJMyOetpryY8=
github.com/strongo/decimal v0.1.2/go.mod h1:uKFgetJbR2uT026stdbK54ELXTH9h0vZOPPOp7DAODk=
github.com/strongo/delaying v0.2.8 h1:lqikDWgs7dOA2SR1RUe2AcFULnpqCvSZlB5yKaiMW/M=
github.com/strongo/delaying v0.2.8/go.mod h1:8Oyv0h5T8F3dsxDP86nDou2duPNwPvLIgQBWAv6JM08=
github.com/strongo/delaying v0.2.9 h1:CtzeEfyAy7lxArpHxT25hxpnAOrpG9P8mVpupCTQwjk=
github.com/strongo/delaying v0.2.9/go.mod h1:PTjCXFLNU0Kw0p+Lj/ESKnNlnp5xyliVfuUICQLn0HI=
github.com/strongo/gotwilio v0.0.0-20160123000810-f024bbefe80f h1:nLD1340Ys0nXjVurNp5O/7CoDuZTo++7qydiikwxKho=
github.com/strongo/gotwilio v0.0.0-20160123000810-f024bbefe80f/go.mod h1:AOBNKIosqbvHdXh8+u8QBWz7xeHz9sjDS0zVJjspzN8=
github.com/strongo/logus v0.4.6 h1:SL0rsN9joNauT9uyQB7bjbWZtdGSDFKmFBDBqjjfSAE=
github.com/strongo/logus v0.4.6/go.mod h1:mVugDWLg/FXFiNAunrt+gvuEJtsSeCgwosU22FV1myY=
github.com/strongo/logus v0.4.7 h1:d36JbfN59k4NassuKebrooTJSm/Cvw4xzWPu2WCwlFc=
github.com/strongo/logus v0.4.7/go.mod h1:9NEL4hzCy5DLmOjd/T5hHcNYDtU69A0JB6XQP9HrdEM=
github.com/strongo/random v0.0.3 h1:R4XNjyBvlqL5Mln0meQO9d/Wy1SSN8CpCJ8sKSkIifw=
github.com/strongo/random v0.0.3/go.mod h1:V/TldevwaA3XYhJApc5kQUmpAVUZhoEcsdl5m1+emx4=
github.com/strongo/slice v0.3.12 h1:rFppYOAbOTITkkXYNKsjPxW2L7baqwNdjZsFRTdCLss=
github.com/strongo/slice v0.3.12/go.mod h1:XkxT6IjPgsI0LnuvFCQL6wPLZarQ8dzrGiuuehUtt1A=
github.com/strongo/slice v0.3.13 h1:hhHMwkQEZxu8ORwYn8vVJfG9cE+M0aYwybzJ9B//dLE=
github.com/strongo/slice v0.3.13/go.mod h1:lUnK/gByzEwCoF/8TuFgsm9f6S1scE3EBctfJ80peEU=
github.com/strongo/strongoapp v0.31.65 h1:ZR4YSTuBBWouV/GzzFsx7mE0FCLoyorsEy3a8yPy/NI=
github.com/strongo/strongoapp v0.31.65/go.mod h1:J+ODRjIWbRXrIAloet3gcMGnruLXtMDiaGtWpfOHg0k=
github.com/strongo/strongoapp v0.31.68 h1:PmUILJxzpI1XeylhSvaGjN73Kms3TrpelE61ZMggfRE=
github.com/strongo/strongoapp v0.31.68/go.mod h1:xASRDz/PQ4cDLCI0GbUwLhaXcXl76jGAyWLc9O03lik=
github.com/strongo/validation v0.0.15 h1:k5rM/DmRlEXYAlH/n9vlUYku1k7qQWVdg2PRAXSg9Ww=
github.com/strongo/validation v0.0.15/go.mod h1:EY+//fgQhn6rr0rOvWRJuUCTSk5BIETZL2bL9CIDhbs=
go.uber.org/mock v0.6.0 h1:hyF9dfmbgIX5EfOdasqLsWD6xqpNZlXblLB/Dbnwv3Y=
go.uber.org/mock v0.6.0/go.mod h1:KiVJ4BqZJaMj4svdfmHM0AUx4NJYO8ZNpPnZn1Z+BBU=
go.yaml.in/yaml/v3 v3.0.5 h1:N6y/pJk8buWs9NY5ERU2HSMfm+IuD/OtfdAnq6kESPw=
go.yaml.in/yaml/v3 v3.0.5/go.mod h1:HVTZu1O7/Vkt2N+BFy8Zza+lnLsABggaTM2ZpNIGuKg=
golang.org/x/sys v0.30.0 h1:QjkSwP/36a20jFYWkSue1YwXzLmsV5Gfq7Eiy72C1uc=
golang.org/x/sys v0.30.0/go.mod h1:/VUhepiaJMQUp4+oa/7Zr1D23ma6VTLIYjOOTFZPUcA=
golang.org/x/text v0.42.0 h1:JbOZXgfeCPU9gacVtYliJqOhD+zhrEqK4LfdpmlUZqI=
golang.org/x/text v0.42.0/go.mod h1:ojzP1Z+2QtioaF8DTtO8K5q7JWVVYwZKenzujK0Zd0E=
golang.org/x/text v0.43.0 h1:1QivrlhwAsnMOcqgOdl9my7s9OyZl8O5/UGUTJVXoWc=
golang.org/x/text v0.43.0/go.mod h1:hbSIYA/amXcRXTFSZqh8tWHEoqRvvbKPJ2uz/KU+a+s=
gopkg.in/check.v1 v0.0.0-20161208181325-20d25e280405/go.mod h1:Co6ibVJAznAaIkqp8huTwlJQCZ016jof/cbN4VW5Yz0=
gopkg.in/yaml.v2 v2.2.2/go.mod h1:hI93XBmqTisBFMUTm0b8Fm+jr3Dg1NNxqwp+5A1VGuI=
gopkg.in/yaml.v3 v3.0.1 h1:fxVm/GzAzEWqLHuvctI91KS9hhNmmWOoWu0XTYJS7CA=
gopkg.in/yaml.v3 v3.0.1/go.mod h1:K4uyk7z7BCEPqu6E+C64Yfv1cQ7kz7rIZviUmN+EgEM=
