github.com/RoaringBitmap/roaring/v2 v2.21.0 h1:RKVgkD+c9ouyCydF2PW/mztDyZTsb7ksas/IofnguDg=
github.com/RoaringBitmap/roaring/v2 v2.21.0/go.mod h1:SfT3of9nYh3vis1dIbCj4Yw6KQGujTN+f345nrN/0JA=
github.com/alexsergivan/transliterator v1.0.1 h1:vON2ilWCHjq+S5Y4obhLGhHK4Y1VIhsHEtQlij5d9pI=
github.com/alexsergivan/transliterator v1.0.1/go.mod h1:0IrumukulURJ4PD0z6UcdJKP2job1DYDhnHAP5y+5pE=
github.com/bits-and-blooms/bitset v1.24.4 h1:95H15Og1clikBrKr/DuzMXkQzECs1M6hhoGXLwLQOZE=
github.com/bits-and-blooms/bitset v1.24.4/go.mod h1:7hO7Gc7Pp1vODcmWvKMRA9BNmbv6a/7QIWpPxHddWR8=
github.com/crediterra/money v0.3.1 h1:7v3KOvGGWzBwZ/fV1QQedtbtP3KyfxNIDaqc9cdqVQg=
github.com/crediterra/money v0.3.1/go.mod h1:0BT7dzPk4Wv+Wi8J6sxlFbCknYioLWVVQM4ciMJh6TI=
github.com/crediterra/money v0.3.3 h1:kHdaJ8a/t8OF3npmWmbk0AUeu2LdWodfcAJVU1b0K40=
github.com/crediterra/money v0.3.3/go.mod h1:0BT7dzPk4Wv+Wi8J6sxlFbCknYioLWVVQM4ciMJh6TI=
github.com/dal-go/dalgo v0.63.1 h1:GEJAGlNH5xGLdFasSIRrYdqGfd0+4A9DGQ843qJQbyA=
github.com/dal-go/dalgo v0.63.1/go.mod h1:LtD5XVzb1kAdXaRcWVNy4F2ROC4fqR4jqD3q/GD4fJQ=
github.com/dal-go/dalgo v0.63.2 h1:L3hDte5QaorZngNK619V1zKach4qfeb9jOQQUsn4vrc=
github.com/dal-go/dalgo v0.63.2/go.mod h1:LtD5XVzb1kAdXaRcWVNy4F2ROC4fqR4jqD3q/GD4fJQ=
github.com/dal-go/record v0.1.0 h1:hA4143oZwIgtBH/1BRTUEZMCpDfXQr3ONlVXX8USCNg=
github.com/dal-go/record v0.1.0/go.mod h1:quwsVJTT0f6y3Mhx+yHpTobY7luX1M6kyO6fdJ/AFYE=
github.com/davecgh/go-spew v1.1.0/go.mod h1:J7Y8YcW2NihsgmVo/mv3lAwl/skON4iLHjSsI+c5H38=
github.com/davecgh/go-spew v1.1.1 h1:vj9j/u1bqnvCEfJOwUhtlOARqs3+rkHYY13jYWTU97c=
github.com/davecgh/go-spew v1.1.1/go.mod h1:J7Y8YcW2NihsgmVo/mv3lAwl/skON4iLHjSsI+c5H38=
github.com/mschoch/smat v0.2.0 h1:8imxQsjDm8yFEAVBe7azKmKSgzSkZXDuKkSq9374khM=
github.com/mschoch/smat v0.2.0/go.mod h1:kc9mz7DoBKqDyiRL7VZN8KvXQMWeTaVnttLRXOlotKw=
github.com/pmezard/go-difflib v1.0.0 h1:4DBwDE0NGyQoBHbLQYPwSUPoCMWR5BEzIk/f1lZbAQM=
github.com/pmezard/go-difflib v1.0.0/go.mod h1:iKH77koFhYxTK1pcRnkKkqfTogsbg7gZNVY4sRDYZ/4=
github.com/stretchr/objx v0.1.0/go.mod h1:HFkY916IF+rwdDfMAkV7OtwuqBVzrE8GR6GFx+wExME=
github.com/stretchr/testify v1.5.1/go.mod h1:5W2xD1RspED5o8YsWQXVCued0rvSQ+mT+I5cxcmMvtA=
github.com/stretchr/testify v1.11.1 h1:7s2iGBzp5EwR7/aIZr8ao5+dra3wiQyKjjFuvgVKu7U=
github.com/stretchr/testify v1.11.1/go.mod h1:wZwfW3scLgRK+23gO65QZefKpKQRnfz6sD981Nm4B6U=
github.com/strongo/analytics v0.2.5 h1:wNobPTa5C9hQUembtVYEXHIGGBWO29H0iUhTicR9CEo=
github.com/strongo/analytics v0.2.5/go.mod h1:UcOgf57sMznb4zRxLA827+lC+HX6WWBU30YIQmbNwu0=
github.com/strongo/decimal v0.1.1 h1:k7HY/0NmG6Ne5YPV7XybII+AT7O4AShl6HZpLiNZsb4=
github.com/strongo/decimal v0.1.1/go.mod h1:uKFgetJbR2uT026stdbK54ELXTH9h0vZOPPOp7DAODk=
github.com/strongo/delaying v0.2.3 h1:hoocochAXXaP7nfw9JpFSOBc60yB9euJmpqQuDsqpAU=
github.com/strongo/delaying v0.2.3/go.mod h1:6PnWp2IL3UDo7tQyFVIOxBiIiHSj0eVZ6VfrleGNjzA=
github.com/strongo/gotwilio v0.0.0-20160123000810-f024bbefe80f h1:nLD1340Ys0nXjVurNp5O/7CoDuZTo++7qydiikwxKho=
github.com/strongo/gotwilio v0.0.0-20160123000810-f024bbefe80f/go.mod h1:AOBNKIosqbvHdXh8+u8QBWz7xeHz9sjDS0zVJjspzN8=
github.com/strongo/logus v0.4.1 h1:jEkcT5JzawDYjexRVHkCQiG4tv6Bm2a/c/ZdLk0IPqM=
github.com/strongo/logus v0.4.1/go.mod h1:sd8gjJklqGQAg+Q0mlP5MWgzguAuxR25YYFSkfVOPdc=
github.com/strongo/random v0.0.1 h1:OZHJBb/3uEa7OX8L2Dv2pLnSeewRmXMyTACoeto6O8I=
github.com/strongo/random v0.0.1/go.mod h1:/pSI+SjBNLBkjljNtVdYr6ERddA+LqSa87o0/s+9iuU=
github.com/strongo/slice v0.3.5 h1:8qbn5ll6DBf0eIZ2KtQm1xbmKOr5+FgXZIShz3Qg5to=
github.com/strongo/slice v0.3.5/go.mod h1:Tymvuhp8oV6T4vswWR4F/JmGFxOcMWFTM5qp0WlV0sk=
github.com/strongo/strongoapp v0.31.48 h1:okboOhCYj9b0GKwhdYNZxaGcGkNjn2zIcfSuVRrHqc4=
github.com/strongo/strongoapp v0.31.48/go.mod h1:cGuapHQAWUyahamwTYXrTs9HrI1cwcIiQW8CpR546Wk=
github.com/strongo/validation v0.0.10 h1:DDydmPl6O8YmRmSEtz7VimX6k0Q3Vs1CsUEWqtZg9oc=
github.com/strongo/validation v0.0.10/go.mod h1:YUwoPEItLJd/Bc9X1OCUm03ofhvm3kwZvuihU7/jz58=
go.uber.org/mock v0.6.0 h1:hyF9dfmbgIX5EfOdasqLsWD6xqpNZlXblLB/Dbnwv3Y=
go.uber.org/mock v0.6.0/go.mod h1:KiVJ4BqZJaMj4svdfmHM0AUx4NJYO8ZNpPnZn1Z+BBU=
gopkg.in/check.v1 v0.0.0-20161208181325-20d25e280405 h1:yhCVgyC4o1eVCa2tZl7eS0r+SDo693bJlVdllGtEeKM=
gopkg.in/check.v1 v0.0.0-20161208181325-20d25e280405/go.mod h1:Co6ibVJAznAaIkqp8huTwlJQCZ016jof/cbN4VW5Yz0=
gopkg.in/yaml.v2 v2.2.2/go.mod h1:hI93XBmqTisBFMUTm0b8Fm+jr3Dg1NNxqwp+5A1VGuI=
gopkg.in/yaml.v3 v3.0.1 h1:fxVm/GzAzEWqLHuvctI91KS9hhNmmWOoWu0XTYJS7CA=
gopkg.in/yaml.v3 v3.0.1/go.mod h1:K4uyk7z7BCEPqu6E+C64Yfv1cQ7kz7rIZviUmN+EgEM=
